
Microsoft Visual Studio Solution File, Format Version 12.00
# Visual Studio Version 16
VisualStudioVersion = 16.0.29306.81
MinimumVisualStudioVersion = 10.0.40219.1
Project("{FAE04EC0-301F-11D3-BF4B-00C04F79EFBC}") = "Simplex-Venttsel", "Simplex-Venttsel\Simplex-Venttsel.csproj", "{2656EC0D-1EE3-4EAF-A906-50250D52C37F}"
EndProject
Global
	GlobalSection(SolutionConfigurationPlatforms) = preSolution
		Debug|Any CPU = Debug|Any CPU
		Release|Any CPU = Release|Any CPU
	EndGlobalSection
	GlobalSection(ProjectConfigurationPlatforms) = postSolution
		{2656EC0D-1EE3-4EAF-A906-50250D52C37F}.Debug|Any CPU.ActiveCfg = Debug|Any CPU
		{2656EC0D-1EE3-4EAF-A906-50250D52C37F}.Debug|Any CPU.Build.0 = Debug|Any CPU
		{2656EC0D-1EE3-4EAF-A906-50250D52C37F}.Release|Any CPU.ActiveCfg = Release|Any CPU
		{2656EC0D-1EE3-4EAF-A906-50250D52C37F}.Release|Any CPU.Build.0 = Release|Any CPU
	EndGlobalSection
	GlobalSection(SolutionProperties) = preSolution
		HideSolutionNode = FALSE
	EndGlobalSection
	GlobalSection(ExtensibilityGlobals) = postSolution
		SolutionGuid = {0627B9E3-0456-4FB5-BDCE-E843B6BFD646}
	EndGlobalSection
EndGlobal
